// !$*UTF8*$!
{
	archiveVersion = 1;
	classes = {
	};
	objectVersion = 46;
	objects = {

/* Begin PBXBuildFile section */
		8851C0371D10488400AF5312 /* StickerPackExtension.appex in Embed App Extensions */ = {isa = PBXBuildFile; fileRef = 8851C0361D10488400AF5312 /* StickerPackExtension.appex */; settings = {ATTRIBUTES = (RemoveHeadersOnCopy, ); }; };
		8851C03B1D10488400AF5312 /* Stickers.xcstickers in Resources */ = {isa = PBXBuildFile; fileRef = 8851C03A1D10488400AF5312 /* Stickers.xcstickers */; };
		8851C03C1D10488400AF5312 /* Stickers.xcstickers in Resources */ = {isa = PBXBuildFile; fileRef = 8851C03A1D10488400AF5312 /* Stickers.xcstickers */; };
/* End PBXBuildFile section */

/* Begin PBXContainerItemProxy section */
		8851C0381D10488400AF5312 /* PBXContainerItemProxy */ = {
			isa = PBXContainerItemProxy;
			containerPortal = 8851C02C1D10488400AF5312 /* Project object */;
			proxyType = 1;
			remoteGlobalIDString = 8851C0351D10488400AF5312;
			remoteInfo = StickerPackExtension;
		};
/* End PBXContainerItemProxy section */

/* Begin PBXCopyFilesBuildPhase section */
		8851C0421D10488400AF5312 /* Embed App Extensions */ = {
			isa = PBXCopyFilesBuildPhase;
			buildActionMask = 2147483647;
			dstPath = "";
			dstSubfolderSpec = 13;
			files = (
				8851C0371D10488400AF5312 /* StickerPackExtension.appex in Embed App Extensions */,
			);
			name = "Embed App Extensions";
			runOnlyForDeploymentPostprocessing = 0;
		};
/* End PBXCopyFilesBuildPhase section */

/* Begin PBXFileReference section */
		8851C0321D10488400AF5312 /* iStick.app */ = {isa = PBXFileReference; explicitFileType = wrapper.application; includeInIndex = 0; path = iStick.app; sourceTree = BUILT_PRODUCTS_DIR; };
		8851C0361D10488400AF5312 /* StickerPackExtension.appex */ = {isa = PBXFileReference; explicitFileType = "wrapper.app-extension"; includeInIndex = 0; path = StickerPackExtension.appex; sourceTree = BUILT_PRODUCTS_DIR; };
		8851C03A1D10488400AF5312 /* Stickers.xcstickers */ = {isa = PBXFileReference; lastKnownFileType = folder.stickers; name = Stickers.xcstickers; path = StickerPackExtension/Stickers.xcstickers; sourceTree = "<group>"; };
/* End PBXFileReference section */

/* Begin PBXGroup section */
		8851C02B1D10488400AF5312 = {
			isa = PBXGroup;
			children = (
				8851C03A1D10488400AF5312 /* Stickers.xcstickers */,
				8851C0331D10488400AF5312 /* Products */,
			);
			sourceTree = "<group>";
		};
		8851C0331D10488400AF5312 /* Products */ = {
			isa = PBXGroup;
			children = (
				8851C0321D10488400AF5312 /* iStick.app */,
				8851C0361D10488400AF5312 /* StickerPackExtension.appex */,
			);
			name = Products;
			sourceTree = "<group>";
		};
/* End PBXGroup section */

/* Begin PBXNativeTarget section */
		8851C0311D10488400AF5312 /* iStick */ = {
			isa = PBXNativeTarget;
			buildConfigurationList = 8851C0431D10488400AF5312 /* Build configuration list for PBXNativeTarget "iStick" */;
			buildPhases = (
				8851C0301D10488400AF5312 /* Resources */,
				8851C0421D10488400AF5312 /* Embed App Extensions */,
			);
			buildRules = (
			);
			dependencies = (
				8851C0391D10488400AF5312 /* PBXTargetDependency */,
			);
			name = iStick;
			productName = iStick;
			productReference = 8851C0321D10488400AF5312 /* iStick.app */;
			productType = "com.apple.product-type.application.messages";
		};
		8851C0351D10488400AF5312 /* StickerPackExtension */ = {
			isa = PBXNativeTarget;
			buildConfigurationList = 8851C03F1D10488400AF5312 /* Build configuration list for PBXNativeTarget "StickerPackExtension" */;
			buildPhases = (
				8851C0341D10488400AF5312 /* Resources */,
			);
			buildRules = (
			);
			dependencies = (
			);
			name = StickerPackExtension;
			productName = StickerPackExtension;
			productReference = 8851C0361D10488400AF5312 /* StickerPackExtension.appex */;
			productType = "com.apple.product-type.app-extension.messages-sticker-pack";
		};
/* End PBXNativeTarget section */

/* Begin PBXProject section */
		8851C02C1D10488400AF5312 /* Project object */ = {
			isa = PBXProject;
			attributes = {
				LastUpgradeCheck = 0800;
				ORGANIZATIONNAME = Usernamer;
				TargetAttributes = {
					8851C0311D10488400AF5312 = {
						CreatedOnToolsVersion = 8.0;
						DevelopmentTeam = X3X797CEXZ;
						DevelopmentTeamName = "Randi Kaminsky (Personal Team)";
						ProvisioningStyle = Automatic;
					};
					8851C0351D10488400AF5312 = {
						CreatedOnToolsVersion = 8.0;
						DevelopmentTeam = X3X797CEXZ;
						DevelopmentTeamName = "Randi Kaminsky (Personal Team)";
						ProvisioningStyle = Automatic;
					};
				};
			};
			buildConfigurationList = 8851C02F1D10488400AF5312 /* Build configuration list for PBXProject "iStick" */;
			compatibilityVersion = "Xcode 3.2";
			developmentRegion = English;
			hasScannedForEncodings = 0;
			knownRegions = (
				en,
			);
			mainGroup = 8851C02B1D10488400AF5312;
			productRefGroup = 8851C0331D10488400AF5312 /* Products */;
			projectDirPath = "";
			projectRoot = "";
			targets = (
				8851C0311D10488400AF5312 /* iStick */,
				8851C0351D10488400AF5312 /* StickerPackExtension */,
			);
		};
/* End PBXProject section */

/* Begin PBXResourcesBuildPhase section */
		8851C0301D10488400AF5312 /* Resources */ = {
			isa = PBXResourcesBuildPhase;
			buildActionMask = 2147483647;
			files = (
				8851C03C1D10488400AF5312 /* Stickers.xcstickers in Resources */,
			);
			runOnlyForDeploymentPostprocessing = 0;
		};
		8851C0341D10488400AF5312 /* Resources */ = {
			isa = PBXResourcesBuildPhase;
			buildActionMask = 2147483647;
			files = (
				8851C03B1D10488400AF5312 /* Stickers.xcstickers in Resources */,
			);
			runOnlyForDeploymentPostprocessing = 0;
		};
/* End PBXResourcesBuildPhase section */

/* Begin PBXTargetDependency section */
		8851C0391D10488400AF5312 /* PBXTargetDependency */ = {
			isa = PBXTargetDependency;
			target = 8851C0351D10488400AF5312 /* StickerPackExtension */;
			targetProxy = 8851C0381D10488400AF5312 /* PBXContainerItemProxy */;
		};
/* End PBXTargetDependency section */

/* Begin XCBuildConfiguration section */
		8851C03D1D10488400AF5312 /* Debug */ = {
			isa = XCBuildConfiguration;
			buildSettings = {
				ALWAYS_SEARCH_USER_PATHS = NO;
				CLANG_ANALYZER_NONNULL = YES;
				CLANG_CXX_LANGUAGE_STANDARD = "gnu++0x";
				CLANG_CXX_LIBRARY = "libc++";
				CLANG_ENABLE_MODULES = YES;
				CLANG_ENABLE_OBJC_ARC = YES;
				CLANG_WARN_BOOL_CONVERSION = YES;
				CLANG_WARN_CONSTANT_CONVERSION = YES;
				CLANG_WARN_DIRECT_OBJC_ISA_USAGE = YES_ERROR;
				CLANG_WARN_DOCUMENTATION_COMMENTS = YES;
				CLANG_WARN_EMPTY_BODY = YES;
				CLANG_WARN_ENUM_CONVERSION = YES;
				CLANG_WARN_INT_CONVERSION = YES;
				CLANG_WARN_OBJC_ROOT_CLASS = YES_ERROR;
				CLANG_WARN_UNREACHABLE_CODE = YES;
				CLANG_WARN__DUPLICATE_METHOD_MATCH = YES;
				"CODE_SIGN_IDENTITY[sdk=iphoneos*]" = "iPhone Developer";
				COPY_PHASE_STRIP = NO;
				DEBUG_INFORMATION_FORMAT = dwarf;
				ENABLE_STRICT_OBJC_MSGSEND = YES;
				ENABLE_TESTABILITY = YES;
				GCC_C_LANGUAGE_STANDARD = gnu99;
				GCC_DYNAMIC_NO_PIC = NO;
				GCC_NO_COMMON_BLOCKS = YES;
				GCC_OPTIMIZATION_LEVEL = 0;
				GCC_PREPROCESSOR_DEFINITIONS = (
					"DEBUG=1",
					"$(inherited)",
				);
				GCC_WARN_64_TO_32_BIT_CONVERSION = YES;
				GCC_WARN_ABOUT_RETURN_TYPE = YES_ERROR;
				GCC_WARN_UNDECLARED_SELECTOR = YES;
				GCC_WARN_UNINITIALIZED_AUTOS = YES_AGGRESSIVE;
				GCC_WARN_UNUSED_FUNCTION = YES;
				GCC_WARN_UNUSED_VARIABLE = YES;
				IPHONEOS_DEPLOYMENT_TARGET = 10.0;
				MTL_ENABLE_DEBUG_INFO = YES;
				ONLY_ACTIVE_ARCH = YES;
				SDKROOT = iphoneos;
			};
			name = Debug;
		};
		8851C03E1D10488400AF5312 /* Release */ = {
			isa = XCBuildConfiguration;
			buildSettings = {
				ALWAYS_SEARCH_USER_PATHS = NO;
				CLANG_ANALYZER_NONNULL = YES;
				CLANG_CXX_LANGUAGE_STANDARD = "gnu++0x";
				CLANG_CXX_LIBRARY = "libc++";
				CLANG_ENABLE_MODULES = YES;
				CLANG_ENABLE_OBJC_ARC = YES;
				CLANG_WARN_BOOL_CONVERSION = YES;
				CLANG_WARN_CONSTANT_CONVERSION = YES;
				CLANG_WARN_DIRECT_OBJC_ISA_USAGE = YES_ERROR;
				CLANG_WARN_DOCUMENTATION_COMMENTS = YES;
				CLANG_WARN_EMPTY_BODY = YES;
				CLANG_WARN_ENUM_CONVERSION = YES;
				CLANG_WARN_INT_CONVERSION = YES;
				CLANG_WARN_OBJC_ROOT_CLASS = YES_ERROR;
				CLANG_WARN_UNREACHABLE_CODE = YES;
				CLANG_WARN__DUPLICATE_METHOD_MATCH = YES;
				"CODE_SIGN_IDENTITY[sdk=iphoneos*]" = "iPhone Developer";
				COPY_PHASE_STRIP = NO;
				DEBUG_INFORMATION_FORMAT = "dwarf-with-dsym";
				ENABLE_NS_ASSERTIONS = NO;
				ENABLE_STRICT_OBJC_MSGSEND = YES;
				GCC_C_LANGUAGE_STANDARD = gnu99;
				GCC_NO_COMMON_BLOCKS = YES;
				GCC_WARN_64_TO_32_BIT_CONVERSION = YES;
				GCC_WARN_ABOUT_RETURN_TYPE = YES_ERROR;
				GCC_WARN_UNDECLARED_SELECTOR = YES;
				GCC_WARN_UNINITIALIZED_AUTOS = YES_AGGRESSIVE;
				GCC_WARN_UNUSED_FUNCTION = YES;
				GCC_WARN_UNUSED_VARIABLE = YES;
				IPHONEOS_DEPLOYMENT_TARGET = 10.0;
				MTL_ENABLE_DEBUG_INFO = NO;
				SDKROOT = iphoneos;
				VALIDATE_PRODUCT = YES;
			};
			name = Release;
		};
		8851C0401D10488400AF5312 /* Debug */ = {
			isa = XCBuildConfiguration;
			buildSettings = {
				ASSETCATALOG_COMPILER_APPICON_NAME = "iMessage App Icon";
				INFOPLIST_FILE = StickerPackExtension/Info.plist;
				PRODUCT_BUNDLE_IDENTIFIER = Usernamer.iStick.StickerPackExtension;
				PRODUCT_NAME = "$(TARGET_NAME)";
				SKIP_INSTALL = YES;
			};
			name = Debug;
		};
		8851C0411D10488400AF5312 /* Release */ = {
			isa = XCBuildConfiguration;
			buildSettings = {
				ASSETCATALOG_COMPILER_APPICON_NAME = "iMessage App Icon";
				INFOPLIST_FILE = StickerPackExtension/Info.plist;
				PRODUCT_BUNDLE_IDENTIFIER = Usernamer.iStick.StickerPackExtension;
				PRODUCT_NAME = "$(TARGET_NAME)";
				SKIP_INSTALL = YES;
			};
			name = Release;
		};
		8851C0441D10488400AF5312 /* Debug */ = {
			isa = XCBuildConfiguration;
			buildSettings = {
				ASSETCATALOG_COMPILER_APPICON_NAME = "iMessage App Icon";
				INFOPLIST_FILE = iStick/Info.plist;
				PRODUCT_BUNDLE_IDENTIFIER = Usernamer.iStick;
				PRODUCT_NAME = "$(TARGET_NAME)";
				TARGETED_DEVICE_FAMILY = "1,2";
			};
			name = Debug;
		};
		8851C0451D10488400AF5312 /* Release */ = {
			isa = XCBuildConfiguration;
			buildSettings = {
				ASSETCATALOG_COMPILER_APPICON_NAME = "iMessage App Icon";
				INFOPLIST_FILE = iStick/Info.plist;
				PRODUCT_BUNDLE_IDENTIFIER = Usernamer.iStick;
				PRODUCT_NAME = "$(TARGET_NAME)";
				TARGETED_DEVICE_FAMILY = "1,2";
			};
			name = Release;
		};
/* End XCBuildConfiguration section */

/* Begin XCConfigurationList section */
		8851C02F1D10488400AF5312 /* Build configuration list for PBXProject "iStick" */ = {
			isa = XCConfigurationList;
			buildConfigurations = (
				8851C03D1D10488400AF5312 /* Debug */,
				8851C03E1D10488400AF5312 /* Release */,
			);
			defaultConfigurationIsVisible = 0;
			defaultConfigurationName = Release;
		};
		8851C03F1D10488400AF5312 /* Build configuration list for PBXNativeTarget "StickerPackExtension" */ = {
			isa = XCConfigurationList;
			buildConfigurations = (
				8851C0401D10488400AF5312 /* Debug */,
				8851C0411D10488400AF5312 /* Release */,
			);
			defaultConfigurationIsVisible = 0;
		};
		8851C0431D10488400AF5312 /* Build configuration list for PBXNativeTarget "iStick" */ = {
			isa = XCConfigurationList;
			buildConfigurations = (
				8851C0441D10488400AF5312 /* Debug */,
				8851C0451D10488400AF5312 /* Release */,
			);
			defaultConfigurationIsVisible = 0;
		};
/* End XCConfigurationList section */
	};
	rootObject = 8851C02C1D10488400AF5312 /* Project object */;
}
